{
    "_readme": [
        "This file locks the dependencies of your project to a known state",
        "Read more about it at https://getcomposer.org/doc/01-basic-usage.md#installing-dependencies",
        "This file is @generated automatically"
    ],
    "content-hash": "f3264ba578bc788e550b40369fab3ca4",
    "packages": [
        {
            "name": "melbahja/seo",
            "version": "v2.0.0",
            "source": {
                "type": "git",
                "url": "https://github.com/melbahja/seo.git",
                "reference": "a42500223cb532d4069e85097cc5b5e6ee402de1"
            },
            "dist": {
                "type": "zip",
                "url": "https://api.github.com/repos/melbahja/seo/zipball/a42500223cb532d4069e85097cc5b5e6ee402de1",
                "reference": "a42500223cb532d4069e85097cc5b5e6ee402de1",
                "shasum": ""
            },
            "require": {
                "ext-curl": "*",
                "ext-xml": "*",
                "php": ">=7.1"
            },
            "require-dev": {
                "phpunit/phpunit": "^8.5"
            },
            "type": "library",
            "autoload": {
                "psr-4": {
                    "Melbahja\\Seo\\": "src/"
                }
            },
            "notification-url": "https://packagist.org/downloads/",
            "license": [
                "MIT"
            ],
            "authors": [
                {
                    "name": "Mohamed ELbahja",
                    "email": "mohamed@elbahja.me",
                    "homepage": "https://elbahja.me",
                    "role": "Developer"
                }
            ],
            "description": "Simple PHP library to help developers 🍻 do better on-page SEO optimization",
            "keywords": [
                "PHP7",
                "meta tags",
                "open graph",
                "php7.1",
                "schema.org",
                "search engine optimization",
                "seo",
                "sitemap index",
                "sitemap.xml",
                "sitemaps",
                "twitter tags"
            ],
            "support": {
                "issues": "https://github.com/melbahja/seo/issues",
                "source": "https://github.com/melbahja/seo/tree/v2.0.0"
            },
            "time": "2021-10-26T00:36:49+00:00"
        },
        {
            "name": "theiconic/name-parser",
            "version": "v1.2.11",
            "source": {
                "type": "git",
                "url": "https://github.com/theiconic/name-parser.git",
                "reference": "9a54a713bf5b2e7fd990828147d42de16bf8a253"
            },
            "dist": {
                "type": "zip",
                "url": "https://api.github.com/repos/theiconic/name-parser/zipball/9a54a713bf5b2e7fd990828147d42de16bf8a253",
                "reference": "9a54a713bf5b2e7fd990828147d42de16bf8a253",
                "shasum": ""
            },
            "require": {
                "php": ">=7.1"
            },
            "require-dev": {
                "php-coveralls/php-coveralls": "^2.1",
                "php-mock/php-mock-phpunit": "^2.1",
                "phpunit/phpunit": "^7.0"
            },
            "type": "library",
            "autoload": {
                "psr-4": {
                    "TheIconic\\NameParser\\": [
                        "src/",
                        "tests/"
                    ]
                }
            },
            "notification-url": "https://packagist.org/downloads/",
            "license": [
                "MIT"
            ],
            "authors": [
                {
                    "name": "The Iconic",
                    "email": "engineering@theiconic.com.au"
                }
            ],
            "description": "PHP library for parsing a string containing a full name into its parts",
            "support": {
                "issues": "https://github.com/theiconic/name-parser/issues",
                "source": "https://github.com/theiconic/name-parser/tree/v1.2.11"
            },
            "time": "2019-11-14T14:08:48+00:00"
        },
        {
            "name": "tuqqu/gender-detector",
            "version": "v0.3",
            "source": {
                "type": "git",
                "url": "https://github.com/tuqqu/gender-detector.git",
                "reference": "f62ae42917a2ba43257107b3c3349a4244487a8e"
            },
            "dist": {
                "type": "zip",
                "url": "https://api.github.com/repos/tuqqu/gender-detector/zipball/f62ae42917a2ba43257107b3c3349a4244487a8e",
                "reference": "f62ae42917a2ba43257107b3c3349a4244487a8e",
                "shasum": ""
            },
            "require": {
                "php": ">=7.4"
            },
            "require-dev": {
                "friendsofphp/php-cs-fixer": "^2.16",
                "phpunit/phpunit": "^9.4",
                "symfony/var-dumper": "^5.2",
                "vimeo/psalm": "^4.2"
            },
            "type": "library",
            "autoload": {
                "psr-4": {
                    "GenderDetector\\": "src/"
                }
            },
            "notification-url": "https://packagist.org/downloads/",
            "license": [
                "MIT"
            ],
            "authors": [
                {
                    "name": "tuqqu"
                }
            ],
            "description": "A library to detect a person's gender by their first name.",
            "support": {
                "issues": "https://github.com/tuqqu/gender-detector/issues",
                "source": "https://github.com/tuqqu/gender-detector/tree/v0.3"
            },
            "time": "2020-12-01T22:36:43+00:00"
        }
    ],
    "packages-dev": [],
    "aliases": [],
    "minimum-stability": "stable",
    "stability-flags": [],
    "prefer-stable": false,
    "prefer-lowest": false,
    "platform": [],
    "platform-dev": [],
    "platform-overrides": {
        "php": "8.0.0"
    },
    "plugin-api-version": "2.2.0"
}
